
Microsoft Visual Studio Solution File, Format Version 12.00
# Visual Studio 15
VisualStudioVersion = 15.0.28010.2019
MinimumVisualStudioVersion = 10.0.40219.1
Project("{FAE04EC0-301F-11D3-BF4B-00C04F79EFBC}") = "mslabeled", "mslabeled\mslabeled.csproj", "{7CC8EED8-EDEB-4271-AD48-47BB3F978B86}"
EndProject
Global
	GlobalSection(SolutionConfigurationPlatforms) = preSolution
		Debug|Any CPU = Debug|Any CPU
		Release|Any CPU = Release|Any CPU
	EndGlobalSection
	GlobalSection(ProjectConfigurationPlatforms) = postSolution
		{7CC8EED8-EDEB-4271-AD48-47BB3F978B86}.Debug|Any CPU.ActiveCfg = Debug|Any CPU
		{7CC8EED8-EDEB-4271-AD48-47BB3F978B86}.Debug|Any CPU.Build.0 = Debug|Any CPU
		{7CC8EED8-EDEB-4271-AD48-47BB3F978B86}.Release|Any CPU.ActiveCfg = Release|Any CPU
		{7CC8EED8-EDEB-4271-AD48-47BB3F978B86}.Release|Any CPU.Build.0 = Release|Any CPU
	EndGlobalSection
	GlobalSection(SolutionProperties) = preSolution
		HideSolutionNode = FALSE
	EndGlobalSection
	GlobalSection(ExtensibilityGlobals) = postSolution
		SolutionGuid = {53ECE9A7-B6BC-4CC8-A87E-8FC864D2E9E0}
	EndGlobalSection
EndGlobal
